<?xml version="1.0" encoding="utf-8"?>
<Project ToolsVersion="4.0" xmlns="http://schemas.microsoft.com/developer/msbuild/2003">
  <ItemGroup>
    <Filter Include="Source Files">
      <UniqueIdentifier>{4FC737F1-C7A5-4376-A066-2A32D752A2FF}</UniqueIdentifier>
      <Extensions>cpp;c;cc;cxx;c++;cppm;ixx;def;odl;idl;hpj;bat;asm;asmx</Extensions>
    </Filter>
    <Filter Include="Source Files\Utils">
      <UniqueIdentifier>{550734a5-f5ad-457c-a89c-3ce956a609f0}</UniqueIdentifier>
    </Filter>
    <Filter Include="Source Files\Other">
      <UniqueIdentifier>{2cbae4ee-903c-4c43-b6e4-47b75b5db4dd}</UniqueIdentifier>
    </Filter>
    <Filter Include="Source Files\Main">
      <UniqueIdentifier>{08f333c8-7523-45d9-9bd6-1223fe9fb46b}</UniqueIdentifier>
    </Filter>
  </ItemGroup>
  <ItemGroup>
    <ClCompile Include="KKK.cpp">
      <Filter>Source Files\Main</Filter>
    </ClCompile>
  </ItemGroup>
  <ItemGroup>
    <ResourceCompile Include="Test Spoofer.rc">
      <Filter>Source Files\Other</Filter>
    </ResourceCompile>
  </ItemGroup>
  <ItemGroup>
    <ClInclude Include="resource.h">
      <Filter>Source Files\Other</Filter>
    </ClInclude>
    <ClInclude Include="Encryption.hpp">
      <Filter>Source Files\Utils</Filter>
    </ClInclude>
    <ClInclude Include="Protection.hpp">
      <Filter>Source Files\Utils</Filter>
    </ClInclude>
    <ClInclude Include="Resource.hpp">
      <Filter>Source Files\Main</Filter>
    </ClInclude>
  </ItemGroup>
  <ItemGroup>
    <Image Include="..\..\..\..\..\..\Downloads\-7yGR1hA_400x400.ico">
      <Filter>Source Files\Other</Filter>
    </Image>
  </ItemGroup>
</Project>